
Microsoft Visual Studio Solution File, Format Version 12.00
Project("{FAE04EC0-301F-11D3-BF4B-00C04F79EFBC}") = "WebApp", "WebApp\WebApp.csproj", "{4D44497D-24D4-49BB-A4B2-EAF8343CF8E0}"
EndProject
Project("{2150E333-8FDC-42A3-9474-1A3956D46DE8}") = "BLL", "BLL", "{EB27C0DA-0FE1-4D07-9567-C5DB7EF83BA6}"
EndProject
Project("{2150E333-8FDC-42A3-9474-1A3956D46DE8}") = "DAL", "DAL", "{ED231FED-F081-41EB-8E8C-2152C7C7C389}"
EndProject
Project("{2150E333-8FDC-42A3-9474-1A3956D46DE8}") = "Domain", "Domain", "{DA39D55F-7A0B-4246-89A5-117C7DDEC348}"
EndProject
Project("{FAE04EC0-301F-11D3-BF4B-00C04F79EFBC}") = "Domain.App", "Domain.App\Domain.App.csproj", "{FEFF2955-0A59-42CF-8904-17320D2E6438}"
EndProject
Project("{FAE04EC0-301F-11D3-BF4B-00C04F79EFBC}") = "Domain.Base", "Domain.Base\Domain.Base.csproj", "{35674EBD-FF16-4D6C-A527-0D9DAAEC5375}"
EndProject
Project("{FAE04EC0-301F-11D3-BF4B-00C04F79EFBC}") = "Models", "Models\Models.csproj", "{E08463F0-A081-4BE0-92BC-41150D1073B3}"
EndProject
Project("{FAE04EC0-301F-11D3-BF4B-00C04F79EFBC}") = "Contracts.DAL.App", "Contracts.DAL.App\Contracts.DAL.App.csproj", "{8B04064C-B99D-4C93-B7C2-143639EB5039}"
EndProject
Project("{FAE04EC0-301F-11D3-BF4B-00C04F79EFBC}") = "Contracts.DAL.Base", "Contracts.DAL.Base\Contracts.DAL.Base.csproj", "{7C699C48-8267-481F-833C-43ABB4219A3E}"
EndProject
Project("{FAE04EC0-301F-11D3-BF4B-00C04F79EFBC}") = "DAL.App.DTO", "DAL.App.DTO\DAL.App.DTO.csproj", "{538E83FC-23DF-4B66-B081-3F5C0B4EAFB2}"
EndProject
Project("{FAE04EC0-301F-11D3-BF4B-00C04F79EFBC}") = "DAL.App.EF", "DAL.App.EF\DAL.App.EF.csproj", "{DFFB5C8C-3CC5-4A8E-873D-86C92B3F0D92}"
EndProject
Project("{FAE04EC0-301F-11D3-BF4B-00C04F79EFBC}") = "DAL.Base", "DAL.Base\DAL.Base.csproj", "{92B94A39-5EFE-4E46-8468-8650DEEA27DC}"
EndProject
Project("{FAE04EC0-301F-11D3-BF4B-00C04F79EFBC}") = "DAL.Base.EF", "DAL.Base.EF\DAL.Base.EF.csproj", "{E1E6EB9A-633B-49C2-86C3-2B61D71B3687}"
EndProject
Project("{FAE04EC0-301F-11D3-BF4B-00C04F79EFBC}") = "BLL.App", "BLL.App\BLL.App.csproj", "{0B02E5DE-E509-44AB-B999-F0827490316E}"
EndProject
Project("{FAE04EC0-301F-11D3-BF4B-00C04F79EFBC}") = "BLL.App.DTO", "BLL.App.DTO\BLL.App.DTO.csproj", "{1522F5FC-F879-4212-BD04-1058A22BA63C}"
EndProject
Project("{FAE04EC0-301F-11D3-BF4B-00C04F79EFBC}") = "BLL.Base", "BLL.Base\BLL.Base.csproj", "{7D562496-E94D-4D3F-BF7B-17893AAA12C3}"
EndProject
Project("{FAE04EC0-301F-11D3-BF4B-00C04F79EFBC}") = "Extensions", "Extensions\Extensions.csproj", "{EB4C8EFA-FD86-49E3-A11C-6FD0C745F8C1}"
EndProject
Project("{FAE04EC0-301F-11D3-BF4B-00C04F79EFBC}") = "Contracts.BLL.Base", "Contracts.BLL.Base\Contracts.BLL.Base.csproj", "{9E2D010D-3340-439A-94E3-17D0EF7B82C7}"
EndProject
Project("{FAE04EC0-301F-11D3-BF4B-00C04F79EFBC}") = "Contracts.BLL.App", "Contracts.BLL.App\Contracts.BLL.App.csproj", "{E49103E1-3577-4C97-850E-9717F480E519}"
EndProject
Global
	GlobalSection(SolutionConfigurationPlatforms) = preSolution
		Debug|Any CPU = Debug|Any CPU
		Release|Any CPU = Release|Any CPU
	EndGlobalSection
	GlobalSection(ProjectConfigurationPlatforms) = postSolution
		{4D44497D-24D4-49BB-A4B2-EAF8343CF8E0}.Debug|Any CPU.ActiveCfg = Debug|Any CPU
		{4D44497D-24D4-49BB-A4B2-EAF8343CF8E0}.Debug|Any CPU.Build.0 = Debug|Any CPU
		{4D44497D-24D4-49BB-A4B2-EAF8343CF8E0}.Release|Any CPU.ActiveCfg = Release|Any CPU
		{4D44497D-24D4-49BB-A4B2-EAF8343CF8E0}.Release|Any CPU.Build.0 = Release|Any CPU
		{FEFF2955-0A59-42CF-8904-17320D2E6438}.Debug|Any CPU.ActiveCfg = Debug|Any CPU
		{FEFF2955-0A59-42CF-8904-17320D2E6438}.Debug|Any CPU.Build.0 = Debug|Any CPU
		{FEFF2955-0A59-42CF-8904-17320D2E6438}.Release|Any CPU.ActiveCfg = Release|Any CPU
		{FEFF2955-0A59-42CF-8904-17320D2E6438}.Release|Any CPU.Build.0 = Release|Any CPU
		{35674EBD-FF16-4D6C-A527-0D9DAAEC5375}.Debug|Any CPU.ActiveCfg = Debug|Any CPU
		{35674EBD-FF16-4D6C-A527-0D9DAAEC5375}.Debug|Any CPU.Build.0 = Debug|Any CPU
		{35674EBD-FF16-4D6C-A527-0D9DAAEC5375}.Release|Any CPU.ActiveCfg = Release|Any CPU
		{35674EBD-FF16-4D6C-A527-0D9DAAEC5375}.Release|Any CPU.Build.0 = Release|Any CPU
		{E08463F0-A081-4BE0-92BC-41150D1073B3}.Debug|Any CPU.ActiveCfg = Debug|Any CPU
		{E08463F0-A081-4BE0-92BC-41150D1073B3}.Debug|Any CPU.Build.0 = Debug|Any CPU
		{E08463F0-A081-4BE0-92BC-41150D1073B3}.Release|Any CPU.ActiveCfg = Release|Any CPU
		{E08463F0-A081-4BE0-92BC-41150D1073B3}.Release|Any CPU.Build.0 = Release|Any CPU
		{8B04064C-B99D-4C93-B7C2-143639EB5039}.Debug|Any CPU.ActiveCfg = Debug|Any CPU
		{8B04064C-B99D-4C93-B7C2-143639EB5039}.Debug|Any CPU.Build.0 = Debug|Any CPU
		{8B04064C-B99D-4C93-B7C2-143639EB5039}.Release|Any CPU.ActiveCfg = Release|Any CPU
		{8B04064C-B99D-4C93-B7C2-143639EB5039}.Release|Any CPU.Build.0 = Release|Any CPU
		{7C699C48-8267-481F-833C-43ABB4219A3E}.Debug|Any CPU.ActiveCfg = Debug|Any CPU
		{7C699C48-8267-481F-833C-43ABB4219A3E}.Debug|Any CPU.Build.0 = Debug|Any CPU
		{7C699C48-8267-481F-833C-43ABB4219A3E}.Release|Any CPU.ActiveCfg = Release|Any CPU
		{7C699C48-8267-481F-833C-43ABB4219A3E}.Release|Any CPU.Build.0 = Release|Any CPU
		{538E83FC-23DF-4B66-B081-3F5C0B4EAFB2}.Debug|Any CPU.ActiveCfg = Debug|Any CPU
		{538E83FC-23DF-4B66-B081-3F5C0B4EAFB2}.Debug|Any CPU.Build.0 = Debug|Any CPU
		{538E83FC-23DF-4B66-B081-3F5C0B4EAFB2}.Release|Any CPU.ActiveCfg = Release|Any CPU
		{538E83FC-23DF-4B66-B081-3F5C0B4EAFB2}.Release|Any CPU.Build.0 = Release|Any CPU
		{DFFB5C8C-3CC5-4A8E-873D-86C92B3F0D92}.Debug|Any CPU.ActiveCfg = Debug|Any CPU
		{DFFB5C8C-3CC5-4A8E-873D-86C92B3F0D92}.Debug|Any CPU.Build.0 = Debug|Any CPU
		{DFFB5C8C-3CC5-4A8E-873D-86C92B3F0D92}.Release|Any CPU.ActiveCfg = Release|Any CPU
		{DFFB5C8C-3CC5-4A8E-873D-86C92B3F0D92}.Release|Any CPU.Build.0 = Release|Any CPU
		{92B94A39-5EFE-4E46-8468-8650DEEA27DC}.Debug|Any CPU.ActiveCfg = Debug|Any CPU
		{92B94A39-5EFE-4E46-8468-8650DEEA27DC}.Debug|Any CPU.Build.0 = Debug|Any CPU
		{92B94A39-5EFE-4E46-8468-8650DEEA27DC}.Release|Any CPU.ActiveCfg = Release|Any CPU
		{92B94A39-5EFE-4E46-8468-8650DEEA27DC}.Release|Any CPU.Build.0 = Release|Any CPU
		{E1E6EB9A-633B-49C2-86C3-2B61D71B3687}.Debug|Any CPU.ActiveCfg = Debug|Any CPU
		{E1E6EB9A-633B-49C2-86C3-2B61D71B3687}.Debug|Any CPU.Build.0 = Debug|Any CPU
		{E1E6EB9A-633B-49C2-86C3-2B61D71B3687}.Release|Any CPU.ActiveCfg = Release|Any CPU
		{E1E6EB9A-633B-49C2-86C3-2B61D71B3687}.Release|Any CPU.Build.0 = Release|Any CPU
		{0B02E5DE-E509-44AB-B999-F0827490316E}.Debug|Any CPU.ActiveCfg = Debug|Any CPU
		{0B02E5DE-E509-44AB-B999-F0827490316E}.Debug|Any CPU.Build.0 = Debug|Any CPU
		{0B02E5DE-E509-44AB-B999-F0827490316E}.Release|Any CPU.ActiveCfg = Release|Any CPU
		{0B02E5DE-E509-44AB-B999-F0827490316E}.Release|Any CPU.Build.0 = Release|Any CPU
		{1522F5FC-F879-4212-BD04-1058A22BA63C}.Debug|Any CPU.ActiveCfg = Debug|Any CPU
		{1522F5FC-F879-4212-BD04-1058A22BA63C}.Debug|Any CPU.Build.0 = Debug|Any CPU
		{1522F5FC-F879-4212-BD04-1058A22BA63C}.Release|Any CPU.ActiveCfg = Release|Any CPU
		{1522F5FC-F879-4212-BD04-1058A22BA63C}.Release|Any CPU.Build.0 = Release|Any CPU
		{7D562496-E94D-4D3F-BF7B-17893AAA12C3}.Debug|Any CPU.ActiveCfg = Debug|Any CPU
		{7D562496-E94D-4D3F-BF7B-17893AAA12C3}.Debug|Any CPU.Build.0 = Debug|Any CPU
		{7D562496-E94D-4D3F-BF7B-17893AAA12C3}.Release|Any CPU.ActiveCfg = Release|Any CPU
		{7D562496-E94D-4D3F-BF7B-17893AAA12C3}.Release|Any CPU.Build.0 = Release|Any CPU
		{EB4C8EFA-FD86-49E3-A11C-6FD0C745F8C1}.Debug|Any CPU.ActiveCfg = Debug|Any CPU
		{EB4C8EFA-FD86-49E3-A11C-6FD0C745F8C1}.Debug|Any CPU.Build.0 = Debug|Any CPU
		{EB4C8EFA-FD86-49E3-A11C-6FD0C745F8C1}.Release|Any CPU.ActiveCfg = Release|Any CPU
		{EB4C8EFA-FD86-49E3-A11C-6FD0C745F8C1}.Release|Any CPU.Build.0 = Release|Any CPU
		{9E2D010D-3340-439A-94E3-17D0EF7B82C7}.Debug|Any CPU.ActiveCfg = Debug|Any CPU
		{9E2D010D-3340-439A-94E3-17D0EF7B82C7}.Debug|Any CPU.Build.0 = Debug|Any CPU
		{9E2D010D-3340-439A-94E3-17D0EF7B82C7}.Release|Any CPU.ActiveCfg = Release|Any CPU
		{9E2D010D-3340-439A-94E3-17D0EF7B82C7}.Release|Any CPU.Build.0 = Release|Any CPU
		{E49103E1-3577-4C97-850E-9717F480E519}.Debug|Any CPU.ActiveCfg = Debug|Any CPU
		{E49103E1-3577-4C97-850E-9717F480E519}.Debug|Any CPU.Build.0 = Debug|Any CPU
		{E49103E1-3577-4C97-850E-9717F480E519}.Release|Any CPU.ActiveCfg = Release|Any CPU
		{E49103E1-3577-4C97-850E-9717F480E519}.Release|Any CPU.Build.0 = Release|Any CPU
	EndGlobalSection
	GlobalSection(NestedProjects) = preSolution
		{FEFF2955-0A59-42CF-8904-17320D2E6438} = {DA39D55F-7A0B-4246-89A5-117C7DDEC348}
		{35674EBD-FF16-4D6C-A527-0D9DAAEC5375} = {DA39D55F-7A0B-4246-89A5-117C7DDEC348}
		{E08463F0-A081-4BE0-92BC-41150D1073B3} = {DA39D55F-7A0B-4246-89A5-117C7DDEC348}
		{8B04064C-B99D-4C93-B7C2-143639EB5039} = {ED231FED-F081-41EB-8E8C-2152C7C7C389}
		{7C699C48-8267-481F-833C-43ABB4219A3E} = {ED231FED-F081-41EB-8E8C-2152C7C7C389}
		{538E83FC-23DF-4B66-B081-3F5C0B4EAFB2} = {ED231FED-F081-41EB-8E8C-2152C7C7C389}
		{DFFB5C8C-3CC5-4A8E-873D-86C92B3F0D92} = {ED231FED-F081-41EB-8E8C-2152C7C7C389}
		{92B94A39-5EFE-4E46-8468-8650DEEA27DC} = {ED231FED-F081-41EB-8E8C-2152C7C7C389}
		{E1E6EB9A-633B-49C2-86C3-2B61D71B3687} = {ED231FED-F081-41EB-8E8C-2152C7C7C389}
		{0B02E5DE-E509-44AB-B999-F0827490316E} = {EB27C0DA-0FE1-4D07-9567-C5DB7EF83BA6}
		{1522F5FC-F879-4212-BD04-1058A22BA63C} = {EB27C0DA-0FE1-4D07-9567-C5DB7EF83BA6}
		{7D562496-E94D-4D3F-BF7B-17893AAA12C3} = {EB27C0DA-0FE1-4D07-9567-C5DB7EF83BA6}
		{9E2D010D-3340-439A-94E3-17D0EF7B82C7} = {EB27C0DA-0FE1-4D07-9567-C5DB7EF83BA6}
		{E49103E1-3577-4C97-850E-9717F480E519} = {EB27C0DA-0FE1-4D07-9567-C5DB7EF83BA6}
	EndGlobalSection
EndGlobal
